
Microsoft Visual Studio Solution File, Format Version 12.00
# Visual Studio Version 16
VisualStudioVersion = 16.0.30320.27
MinimumVisualStudioVersion = 10.0.40219.1
Project("{FAE04EC0-301F-11D3-BF4B-00C04F79EFBC}") = "AutomobileWebsite", "AutomobileWebsite.csproj", "{CEB33F00-C342-4F78-ADE5-4B91AA70C9A6}"
EndProject
Global
	GlobalSection(SolutionConfigurationPlatforms) = preSolution
		Debug|Any CPU = Debug|Any CPU
		Release|Any CPU = Release|Any CPU
	EndGlobalSection
	GlobalSection(ProjectConfigurationPlatforms) = postSolution
		{CEB33F00-C342-4F78-ADE5-4B91AA70C9A6}.Debug|Any CPU.ActiveCfg = Debug|Any CPU
		{CEB33F00-C342-4F78-ADE5-4B91AA70C9A6}.Debug|Any CPU.Build.0 = Debug|Any CPU
		{CEB33F00-C342-4F78-ADE5-4B91AA70C9A6}.Release|Any CPU.ActiveCfg = Release|Any CPU
		{CEB33F00-C342-4F78-ADE5-4B91AA70C9A6}.Release|Any CPU.Build.0 = Release|Any CPU
	EndGlobalSection
	GlobalSection(SolutionProperties) = preSolution
		HideSolutionNode = FALSE
	EndGlobalSection
	GlobalSection(ExtensibilityGlobals) = postSolution
		SolutionGuid = {2A05579C-6E9A-4CAD-ADAC-F7C258CC0A69}
	EndGlobalSection
EndGlobal
